github.com/andybalholm/brotli v1.0.4 h1:V7DdXeJtZscaqfNuAdSRuRFzuiKlHSC/Zh3zl9qY3JY=
github.com/andybalholm/brotli v1.0.4/go.mod h1:fO7iG3H7G2nSZ7m0zPUDn85XEX2GTukHGRSepvi9Eig=
github.com/aws/aws-sdk-go-v2 v1.14.0 h1:IzSYBJHu0ZdUi27kIW6xVrs0eSxI4AzwbenzfXhhVs4=
github.com/aws/aws-sdk-go-v2 v1.14.0/go.mod h1:ZA3Y8V0LrlWj63MQAnRHgKf/5QB//LSZCPNWlWrNGLU=
github.com/aws/aws-sdk-go-v2/aws/protocol/eventstream v1.3.0 h1:bvPWVPRI6ZvziAbBR1OUSqErPxJzDkXTrZPN+UMMbjg=
github.com/aws/aws-sdk-go-v2/aws/protocol/eventstream v1.3.0/go.mod h1:bzV23FofBz0AUG8X+eIVB1cGQOoJ8XnH0Vkn3qefE9Q=
github.com/aws/aws-sdk-go-v2/config v1.14.0 h1:Yr8/7R6H8nqqfqgLATrcB83ax6FE2HcDXEB54XPhE98=
github.com/aws/aws-sdk-go-v2/config v1.14.0/go.mod h1:GKDRrvsq/PTaOYc9252u8Uah1hsIdtor4oIrFvUNPNM=
github.com/aws/aws-sdk-go-v2/credentials v1.9.0 h1:R3Q5s1uGLUg0aUzi+oRaUqRXhd17G/9+PiVnAwXp4sY=
github.com/aws/aws-sdk-go-v2/credentials v1.9.0/go.mod h1:PyHKqk/+tJuDY7T8R580S1j/AcSD+ODeUZ99CAUKLqQ=
github.com/aws/aws-sdk-go-v2/feature/ec2/imds v1.11.0 h1:CkM4d3lNeMXMZ0BDX3BtCktnKA1Ftud84Hb6d+Ix4Rk=
github.com/aws/aws-sdk-go-v2/feature/ec2/imds v1.11.0/go.mod h1:rwdUKJV5rm+vHu1ncD1iGDqahBEL8O0tBjVqo9eO2N0=
github.com/aws/aws-sdk-go-v2/feature/s3/manager v1.10.0 h1:svlwfghHbgrqSWtOercS4iMyAOEjOu2TbgGHOnRcKGg=
github.com/aws/aws-sdk-go-v2/feature/s3/manager v1.10.0/go.mod h1:lAKe2j5UyN0EvHQxu0I1R8Nh5SP4CyZGbtbPBqtrs74=
github.com/aws/aws-sdk-go-v2/internal/configsources v1.1.5 h1:+phazLmKkjBYhFTsGYH9J7jgnA8+Aer2yE4QeS4zn6A=
github.com/aws/aws-sdk-go-v2/internal/configsources v1.1.5/go.mod h1:2hXc8ooJqF2nAznsbJQIn+7h851/bu8GVC80OVTTqf8=
github.com/aws/aws-sdk-go-v2/internal/endpoints/v2 v2.3.0 h1:PO+HNeJBeRK0yVD9CQZ+VUrYfd5sXqS7YdPYHHcDkR4=
github.com/aws/aws-sdk-go-v2/internal/endpoints/v2 v2.3.0/go.mod h1:miRSv9l093jX/t/j+mBCaLqFHo9xKYzJ7DGm1BsGoJM=
github.com/aws/aws-sdk-go-v2/internal/ini v1.3.6 h1:c8s9EhIPVFMFS+R1+rtEghGrf7v83gSUWbcCYX/OPes=
github.com/aws/aws-sdk-go-v2/internal/ini v1.3.6/go.mod h1:o1ippSg3yJx5EuT4AOGXJCUcmt5vrcxla1cg6K1Q8Iw=
github.com/aws/aws-sdk-go-v2/service/glacier v1.12.0 h1:D16ezJlGYHiPps3geiqslKpbYlOYyhe/gly+6JaOUtw=
github.com/aws/aws-sdk-go-v2/service/glacier v1.12.0/go.mod h1:JKVKD2/MLzwnnlr5qKHbUXx6w10FrnfFaLuGRC5BesA=
github.com/aws/aws-sdk-go-v2/service/internal/accept-encoding v1.8.0 h1:wS94St7YDmLhrPJw3mjJfCfHHOABS3G9c//mDZRzELU=
github.com/aws/aws-sdk-go-v2/service/internal/accept-encoding v1.8.0/go.mod h1:mEqrz8QJ8KnXvoSGOb7R7eoJ7nJZlaL5PPNwrJERUmg=
github.com/aws/aws-sdk-go-v2/service/internal/checksum v1.0.0 h1:3txV52X/XYOUuQcnlLUrPJiks9tth9w0SWOwZw8ec2A=
github.com/aws/aws-sdk-go-v2/service/internal/checksum v1.0.0/go.mod h1:c/EkM1w25FAbswsEVdW7FgrEnK6fyvibVOHkKydDrsU=
github.com/aws/aws-sdk-go-v2/service/internal/presigned-url v1.8.0 h1:JNMALY8/ZnFsfAzBHtC4gq8JeZPANmIoI2VaBgYzbf8=
github.com/aws/aws-sdk-go-v2/service/internal/presigned-url v1.8.0/go.mod h1:rBDLgXDAwHOfxZKLRDl8OGTPzFDC+a2pLqNNj8+QwfI=
github.com/aws/aws-sdk-go-v2/service/internal/s3shared v1.12.0 h1:Pr1wwiVtaf9OEfKyWpkedt03l8wF/w48o7t1ZUbXx5c=
github.com/aws/aws-sdk-go-v2/service/internal/s3shared v1.12.0/go.mod h1:c/5k8PAX9Xof97YwYLWRXxx8JZNawUmX4Ok+IFyUpOY=
github.com/aws/aws-sdk-go-v2/service/s3 v1.25.0 h1://FhpuofZNILvWPAzsA4ZmkO58Uz4FpvK9kWIHT+qso=
github.com/aws/aws-sdk-go-v2/service/s3 v1.25.0/go.mod h1:/uGoODN0y7QnNLU1iFIU+Lwq6c0L2auOkDeWcq3Osys=
github.com/aws/aws-sdk-go-v2/service/sso v1.10.0 h1:qCuSRiQhsPU46NH79HUyPQEn5AcpMj+2gsqMYwtzdw8=
github.com/aws/aws-sdk-go-v2/service/sso v1.10.0/go.mod h1:m1CRRFX7eH3EE6w0ntdu+lo+Ph9VS7y8qRV/vdym0ZY=
github.com/aws/aws-sdk-go-v2/service/sts v1.15.0 h1:zC/vHxWTlqZ0tIPJItg0zWHsa25cH7tXsUknSGcH39o=
github.com/aws/aws-sdk-go-v2/service/sts v1.15.0/go.mod h1:E264g2Gl5U9KTGzmd8ypGEAoh75VmqyuA/Ox5O1eRE4=
github.com/aws/smithy-go v1.11.0 h1:nOfSDwiiH232f90OuevPnAEQO5ZqH+xnn8uGVsvBCw4=
github.com/aws/smithy-go v1.11.0/go.mod h1:3xHYmszWVx2c0kIwQeEVf9uSm4fYZt67FBJnwub1bgM=
github.com/davecgh/go-spew v1.1.0/go.mod h1:J7Y8YcW2NihsgmVo/mv3lAwl/skON4iLHjSsI+c5H38=
github.com/davecgh/go-spew v1.1.1 h1:vj9j/u1bqnvCEfJOwUhtlOARqs3+rkHYY13jYWTU97c=
github.com/davecgh/go-spew v1.1.1/go.mod h1:J7Y8YcW2NihsgmVo/mv3lAwl/skON4iLHjSsI+c5H38=
github.com/dustin/go-humanize v1.0.0 h1:VSnTsYCnlFHaM2/igO1h6X3HA71jcobQuxemgkq4zYo=
github.com/dustin/go-humanize v1.0.0/go.mod h1:HtrtbFcZ19U5GC7JDqmcUSB87Iq5E25KnS6fMYU6eOk=
github.com/gofiber/fiber/v2 v2.27.0 h1:u34t1nOea7zz4jcZDK7+ZMiG+MVFYrHqMhTdYQDiFA8=
github.com/gofiber/fiber/v2 v2.27.0/go.mod h1:0bPXdTu+jRqINrEq1T6mHeVBnE0lQd67PGu35jD3hLk=
github.com/google/go-cmp v0.5.7/go.mod h1:n+brtR0CgQNWTVd5ZUFpTBC8YFBDLK/h/bpaJ8/DtOE=
github.com/google/gofuzz v1.0.0/go.mod h1:dBl0BpW6vV/+mYPU4Po3pmUjxk6FQPldtuIdl/M65Eg=
github.com/google/uuid v1.1.2 h1:EVhdT+1Kseyi1/pUmXKaFxYsDNy9RQYkMWRH68J/W7Y=
github.com/google/uuid v1.1.2/go.mod h1:TIyPZe4MgqvfeYDBFedMoGGpEw/LqOeaOT+nhxU+yHo=
github.com/gopherjs/gopherjs v0.0.0-20220104163920-15ed2e8cf2bd h1:D/H64OK+VY7O0guGbCQaFKwAZlU5t764R++kgIdAGog=
github.com/gopherjs/gopherjs v0.0.0-20220104163920-15ed2e8cf2bd/go.mod h1:cz9oNYuRUWGdHmLF2IodMLkAhcPtXeULvcBNagUrxTI=
github.com/jmespath/go-jmespath v0.4.0 h1:BEgLn5cpjn8UN1mAw4NjwDrS35OdebyEtFe+9YPoQUg=
github.com/jmespath/go-jmespath v0.4.0/go.mod h1:T8mJZnbsbmF+m6zOOFylbeCJqk5+pHWvzYPziyZiYoo=
github.com/jmespath/go-jmespath/internal/testify v1.5.1/go.mod h1:L3OGu8Wl2/fWfCI6z80xFu9LTZmf1ZRjMHUOPmWr69U=
github.com/joho/godotenv v1.4.0 h1:3l4+N6zfMWnkbPEXKng2o2/MR5mSwTrBih4ZEkkz1lg=
github.com/joho/godotenv v1.4.0/go.mod h1:f4LDr5Voq0i2e/R5DDNOoa2zzDfwtkZa6DnEwAbqwq4=
github.com/json-iterator/go v1.1.11 h1:uVUAXhF2To8cbw/3xN3pxj6kk7TYKs98NIrTqPlMWAQ=
github.com/json-iterator/go v1.1.11/go.mod h1:KdQUCv79m/52Kvf8AW2vK1V8akMuk1QjK/uOdHXbAo4=
github.com/jtolds/gls v4.20.0+incompatible h1:xdiiI2gbIgH/gLH7ADydsJ1uDOEzR8yvV7C0MuV77Wo=
github.com/jtolds/gls v4.20.0+incompatible/go.mod h1:QJZ7F/aHp+rZTRtaJ1ow/lLfFfVYBRgL+9YlvaHOwJU=
github.com/klauspost/compress v1.14.1 h1:hLQYb23E8/fO+1u53d02A97a8UnsddcvYzq4ERRU4ds=
github.com/klauspost/compress v1.14.1/go.mod h1:/3/Vjq9QcHkK5uEr5lBEmyoZ1iFhe47etQ6QUkpK6sk=
github.com/klauspost/cpuid v1.2.3/go.mod h1:Pj4uuM528wm8OyEC2QMXAi2YiTZ96dNQPGgoMS4s3ek=
github.com/klauspost/cpuid v1.3.1 h1:5JNjFYYQrZeKRJ0734q51WCEEn2huer72Dc7K+R/b6s=
github.com/klauspost/cpuid v1.3.1/go.mod h1:bYW4mA6ZgKPob1/Dlai2LviZJO7KGI3uoWLd42rAQw4=
github.com/minio/md5-simd v1.1.0 h1:QPfiOqlZH+Cj9teu0t9b1nTBfPbyTl16Of5MeuShdK4=
github.com/minio/md5-simd v1.1.0/go.mod h1:XpBqgZULrMYD3R+M28PcmP0CkI7PEMzB3U77ZrKZ0Gw=
github.com/minio/minio-go/v7 v7.0.21 h1:xrc4BQr1Fa4s5RwY0xfMjPZFJ1bcYBCCHYlngBdWV+k=
github.com/minio/minio-go/v7 v7.0.21/go.mod h1:ei5JjmxwHaMrgsMrn4U/+Nmg+d8MKS1U2DAn1ou4+Do=
github.com/minio/sha256-simd v0.1.1 h1:5QHSlgo3nt5yKOJrC7W8w7X+NFl8cMPZm96iu8kKUJU=
github.com/minio/sha256-simd v0.1.1/go.mod h1:B5e1o+1/KgNmWrSQK08Y6Z1Vb5pwIktudl0J58iy0KM=
github.com/mitchellh/go-homedir v1.1.0 h1:lukF9ziXFxDFPkA1vsr5zpc1XuPDn/wFntq5mG+4E0Y=
github.com/mitchellh/go-homedir v1.1.0/go.mod h1:SfyaCUpYCn1Vlf4IUYiD9fPX4A5wJrkLzIz1N1q0pr0=
github.com/modern-go/concurrent v0.0.0-20180228061459-e0a39a4cb421/go.mod h1:6dJC0mAP4ikYIbvyc7fijjWJddQyLn8Ig3JB5CqoB9Q=
github.com/modern-go/concurrent v0.0.0-20180306012644-bacd9c7ef1dd h1:TRLaZ9cD/w8PVh93nsPXa1VrQ6jlwL5oN8l14QlcNfg=
github.com/modern-go/concurrent v0.0.0-20180306012644-bacd9c7ef1dd/go.mod h1:6dJC0mAP4ikYIbvyc7fijjWJddQyLn8Ig3JB5CqoB9Q=
github.com/modern-go/reflect2 v0.0.0-20180701023420-4b7aa43c6742/go.mod h1:bx2lNnkwVCuqBIxFjflWJWanXIb3RllmbCylyMrvgv0=
github.com/modern-go/reflect2 v1.0.1 h1:9f412s+6RmYXLWZSEzVVgPGK7C2PphHj5RJrvfx9AWI=
github.com/modern-go/reflect2 v1.0.1/go.mod h1:bx2lNnkwVCuqBIxFjflWJWanXIb3RllmbCylyMrvgv0=
github.com/pmezard/go-difflib v1.0.0 h1:4DBwDE0NGyQoBHbLQYPwSUPoCMWR5BEzIk/f1lZbAQM=
github.com/pmezard/go-difflib v1.0.0/go.mod h1:iKH77koFhYxTK1pcRnkKkqfTogsbg7gZNVY4sRDYZ/4=
github.com/rs/xid v1.2.1 h1:mhH9Nq+C1fY2l1XIpgxIiUOfNpRBYH1kKcr+qfKgjRc=
github.com/rs/xid v1.2.1/go.mod h1:+uKXf+4Djp6Md1KODXJxgGQPKngRmWyn10oCKFzNHOQ=
github.com/sirupsen/logrus v1.8.1 h1:dJKuHgqk1NNQlqoA6BTlM1Wf9DOH3NBjQyu0h9+AZZE=
github.com/sirupsen/logrus v1.8.1/go.mod h1:yWOB1SBYBC5VeMP7gHvWumXLIWorT60ONWic61uBYv0=
github.com/smartystreets/assertions v1.2.1 h1:bKNHfEv7tSIjZ8JbKaFjzFINljxG4lzZvmHUnElzOIg=
github.com/smartystreets/assertions v1.2.1/go.mod h1:wDmR7qL282YbGsPy6H/yAsesrxfxaaSlJazyFLYVFx8=
github.com/smartystreets/goconvey v1.6.4 h1:fv0U8FUIMPNf1L9lnHLvLhgicrIVChEkdzIKYqbNC9s=
github.com/stretchr/objx v0.1.0/go.mod h1:HFkY916IF+rwdDfMAkV7OtwuqBVzrE8GR6GFx+wExME=
github.com/stretchr/testify v1.2.2/go.mod h1:a8OnRcib4nhh0OaRAV+Yts87kKdq0PP7pXfy6kDkUVs=
github.com/stretchr/testify v1.3.0/go.mod h1:M5WIy9Dh21IEIfnGCwXGc5bZfKNJtfHm1UVUgZn+9EI=
github.com/stretchr/testify v1.7.0 h1:nwc3DEeHmmLAfoZucVR881uASk0Mfjw8xYJ99tb5CcY=
github.com/stretchr/testify v1.7.0/go.mod h1:6Fq8oRcR53rry900zMqJjRRixrwX3KX962/h/Wwjteg=
github.com/valyala/bytebufferpool v1.0.0 h1:GqA5TC/0021Y/b9FG4Oi9Mr3q7XYx6KllzawFIhcdPw=
github.com/valyala/bytebufferpool v1.0.0/go.mod h1:6bBcMArwyJ5K/AmCkWv1jt77kVWyCJ6HpOuEn7z0Csc=
github.com/valyala/fasthttp v1.33.0 h1:mHBKd98J5NcXuBddgjvim1i3kWzlng1SzLhrnBOU9g8=
github.com/valyala/fasthttp v1.33.0/go.mod h1:KJRK/MXx0J+yd0c5hlR+s1tIHD72sniU8ZJjl97LIw4=
github.com/valyala/tcplisten v1.0.0 h1:rBHj/Xf+E1tRGZyWIWwJDiRY0zc1Js+CV5DqwacVSA8=
github.com/valyala/tcplisten v1.0.0/go.mod h1:T0xQ8SeCZGxckz9qRXTfG43PvQ/mcWh7FwZEA7Ioqkc=
golang.org/x/crypto v0.0.0-20220112180741-5e0467b6c7ce h1:Roh6XWxHFKrPgC/EQhVubSAGQ6Ozk6IdxHSzt1mR0EI=
golang.org/x/crypto v0.0.0-20220112180741-5e0467b6c7ce/go.mod h1:IxCIyHEi3zRg3s0A5j5BB6A9Jmi73HwBIUl50j+osU4=
golang.org/x/net v0.0.0-20211112202133-69e39bad7dc2/go.mod h1:9nx3DQGgdP8bBQD5qxJ1jj9UTztislL4KSBs9R2vV5Y=
golang.org/x/net v0.0.0-20220111093109-d55c255bac03 h1:0FB83qp0AzVJm+0wcIlauAjJ+tNdh7jLuacRYCIVv7s=
golang.org/x/net v0.0.0-20220111093109-d55c255bac03/go.mod h1:9nx3DQGgdP8bBQD5qxJ1jj9UTztislL4KSBs9R2vV5Y=
golang.org/x/sys v0.0.0-20191026070338-33540a1f6037/go.mod h1:h1NjWce9XRLGQEsW7wpKNCjG9DtNlClVuFLEZdDNbEs=
golang.org/x/sys v0.0.0-20201119102817-f84b799fce68/go.mod h1:h1NjWce9XRLGQEsW7wpKNCjG9DtNlClVuFLEZdDNbEs=
golang.org/x/sys v0.0.0-20210423082822-04245dca01da/go.mod h1:h1NjWce9XRLGQEsW7wpKNCjG9DtNlClVuFLEZdDNbEs=
golang.org/x/sys v0.0.0-20210615035016-665e8c7367d1/go.mod h1:oPkhp1MJrh7nUepCBck5+mAzfO9JrbApNNgaTdGDITg=
golang.org/x/sys v0.0.0-20220111092808-5a964db01320 h1:0jf+tOCoZ3LyutmCOWpVni1chK4VfFLhRsDK7MhqGRY=
golang.org/x/sys v0.0.0-20220111092808-5a964db01320/go.mod h1:oPkhp1MJrh7nUepCBck5+mAzfO9JrbApNNgaTdGDITg=
golang.org/x/term v0.0.0-20201126162022-7de9c90e9dd1/go.mod h1:bj7SfCRtBDWHUb9snDiAeCFNEtKQo2Wmx5Cou7ajbmo=
golang.org/x/text v0.3.6/go.mod h1:5Zoc/QRtKVWzQhOtBMvqHzDpF6irO9z98xDceosuGiQ=
golang.org/x/text v0.3.7 h1:olpwvP2KacW1ZWvsR7uQhoyTYvKAupfQrRGBFM352Gk=
golang.org/x/text v0.3.7/go.mod h1:u+2+/6zg+i71rQMx5EYifcz6MCKuco9NR6JIITiCfzQ=
golang.org/x/tools v0.0.0-20180917221912-90fa682c2a6e/go.mod h1:n7NCudcB/nEzxVGmLbDWY5pfWTLqBcC2KZ6jyYvM4mQ=
golang.org/x/xerrors v0.0.0-20191204190536-9bdfabe68543/go.mod h1:I/5z698sn9Ka8TeJc9MKroUUfqBBauWjQqLJ2OPfmY0=
gopkg.in/check.v1 v0.0.0-20161208181325-20d25e280405/go.mod h1:Co6ibVJAznAaIkqp8huTwlJQCZ016jof/cbN4VW5Yz0=
gopkg.in/gographics/imagick.v3 v3.4.0 h1:kSnbsXOWofo81VJEn/Hw8w3qqoOrfTyWwjAQzSdtPlg=
gopkg.in/gographics/imagick.v3 v3.4.0/go.mod h1:+Q9nyA2xRZXrDyTtJ/eko+8V/5E7bWYs08ndkZp8UmA=
gopkg.in/ini.v1 v1.62.0 h1:duBzk771uxoUuOlyRLkHsygud9+5lrlGjdFBb4mSKDU=
gopkg.in/ini.v1 v1.62.0/go.mod h1:pNLf8WUiyNEtQjuu5G5vTm06TEv9tsIgeAvK8hOrP4k=
gopkg.in/yaml.v2 v2.2.8/go.mod h1:hI93XBmqTisBFMUTm0b8Fm+jr3Dg1NNxqwp+5A1VGuI=
gopkg.in/yaml.v3 v3.0.0-20200313102051-9f266ea9e77c/go.mod h1:K4uyk7z7BCEPqu6E+C64Yfv1cQ7kz7rIZviUmN+EgEM=
gopkg.in/yaml.v3 v3.0.0-20210107192922-496545a6307b h1:h8qDotaEPuJATrMmW04NCwg7v22aHH28wwpauUhK9Oo=
gopkg.in/yaml.v3 v3.0.0-20210107192922-496545a6307b/go.mod h1:K4uyk7z7BCEPqu6E+C64Yfv1cQ7kz7rIZviUmN+EgEM=
